
Microsoft Visual Studio Solution File, Format Version 12.00
# Visual Studio Version 17
VisualStudioVersion = 17.11.35312.102
MinimumVisualStudioVersion = 10.0.40219.1
Project("{FAE04EC0-301F-11D3-BF4B-00C04F79EFBC}") = "kurs", "kurs\kurs.csproj", "{3ACF49EB-5702-431F-BAB7-4D74E1911068}"
EndProject
Global
	GlobalSection(SolutionConfigurationPlatforms) = preSolution
		Debug|Any CPU = Debug|Any CPU
		Release|Any CPU = Release|Any CPU
	EndGlobalSection
	GlobalSection(ProjectConfigurationPlatforms) = postSolution
		{3ACF49EB-5702-431F-BAB7-4D74E1911068}.Debug|Any CPU.ActiveCfg = Debug|Any CPU
		{3ACF49EB-5702-431F-BAB7-4D74E1911068}.Debug|Any CPU.Build.0 = Debug|Any CPU
		{3ACF49EB-5702-431F-BAB7-4D74E1911068}.Debug|Any CPU.Deploy.0 = Debug|Any CPU
		{3ACF49EB-5702-431F-BAB7-4D74E1911068}.Release|Any CPU.ActiveCfg = Release|Any CPU
		{3ACF49EB-5702-431F-BAB7-4D74E1911068}.Release|Any CPU.Build.0 = Release|Any CPU
		{3ACF49EB-5702-431F-BAB7-4D74E1911068}.Release|Any CPU.Deploy.0 = Release|Any CPU
	EndGlobalSection
	GlobalSection(SolutionProperties) = preSolution
		HideSolutionNode = FALSE
	EndGlobalSection
	GlobalSection(ExtensibilityGlobals) = postSolution
		SolutionGuid = {4AB140FD-23B5-4609-B4F1-50CD139D0AD4}
	EndGlobalSection
EndGlobal
